
Microsoft Visual Studio Solution File, Format Version 12.00
# Visual Studio 2012
Project("{FAE04EC0-301F-11D3-BF4B-00C04F79EFBC}") = "ConsoleApplication10", "ConsoleApplication10\ConsoleApplication10.csproj", "{1131496E-0ACC-4228-A63E-F6EBD2078BFB}"
EndProject
Global
	GlobalSection(SolutionConfigurationPlatforms) = preSolution
		Debug|Any CPU = Debug|Any CPU
		Release|Any CPU = Release|Any CPU
	EndGlobalSection
	GlobalSection(ProjectConfigurationPlatforms) = postSolution
		{1131496E-0ACC-4228-A63E-F6EBD2078BFB}.Debug|Any CPU.ActiveCfg = Debug|Any CPU
		{1131496E-0ACC-4228-A63E-F6EBD2078BFB}.Debug|Any CPU.Build.0 = Debug|Any CPU
		{1131496E-0ACC-4228-A63E-F6EBD2078BFB}.Release|Any CPU.ActiveCfg = Release|Any CPU
		{1131496E-0ACC-4228-A63E-F6EBD2078BFB}.Release|Any CPU.Build.0 = Release|Any CPU
	EndGlobalSection
	GlobalSection(SolutionProperties) = preSolution
		HideSolutionNode = FALSE
	EndGlobalSection
EndGlobal
